
Microsoft Visual Studio Solution File, Format Version 12.00
# Visual Studio 2013
VisualStudioVersion = 12.0.31101.0
MinimumVisualStudioVersion = 10.0.40219.1
Project("{FAE04EC0-301F-11D3-BF4B-00C04F79EFBC}") = "ToastDemo", "ToastDemo\ToastDemo\ToastDemo.csproj", "{19D47B93-367F-40BF-AEC4-17994967FE15}"
EndProject
Project("{FAE04EC0-301F-11D3-BF4B-00C04F79EFBC}") = "ToastDemo.iOS", "ToastDemo\ToastDemo.iOS\ToastDemo.iOS.csproj", "{9D01C0FD-9C07-4408-95A4-B65B3EAD0181}"
EndProject
Project("{FAE04EC0-301F-11D3-BF4B-00C04F79EFBC}") = "ToastDemo.Droid", "ToastDemo\ToastDemo.Droid\ToastDemo.Droid.csproj", "{51E6DA86-E700-4BD4-BE12-3A53F27E8A6F}"
EndProject
Project("{FAE04EC0-301F-11D3-BF4B-00C04F79EFBC}") = "ToastDemo.WinPhone", "ToastDemo\ToastDemo.WinPhone\ToastDemo.WinPhone.csproj", "{2C5EB3EE-3474-4F7D-AB70-5F3D978B7C34}"
EndProject
Global
	GlobalSection(SolutionConfigurationPlatforms) = preSolution
		Ad-Hoc|Any CPU = Ad-Hoc|Any CPU
		Ad-Hoc|ARM = Ad-Hoc|ARM
		Ad-Hoc|iPhone = Ad-Hoc|iPhone
		Ad-Hoc|iPhoneSimulator = Ad-Hoc|iPhoneSimulator
		Ad-Hoc|Mixed Platforms = Ad-Hoc|Mixed Platforms
		Ad-Hoc|x86 = Ad-Hoc|x86
		AppStore|Any CPU = AppStore|Any CPU
		AppStore|ARM = AppStore|ARM
		AppStore|iPhone = AppStore|iPhone
		AppStore|iPhoneSimulator = AppStore|iPhoneSimulator
		AppStore|Mixed Platforms = AppStore|Mixed Platforms
		AppStore|x86 = AppStore|x86
		Debug|Any CPU = Debug|Any CPU
		Debug|ARM = Debug|ARM
		Debug|iPhone = Debug|iPhone
		Debug|iPhoneSimulator = Debug|iPhoneSimulator
		Debug|Mixed Platforms = Debug|Mixed Platforms
		Debug|x86 = Debug|x86
		Release|Any CPU = Release|Any CPU
		Release|ARM = Release|ARM
		Release|iPhone = Release|iPhone
		Release|iPhoneSimulator = Release|iPhoneSimulator
		Release|Mixed Platforms = Release|Mixed Platforms
		Release|x86 = Release|x86
	EndGlobalSection
	GlobalSection(ProjectConfigurationPlatforms) = postSolution
		{19D47B93-367F-40BF-AEC4-17994967FE15}.Ad-Hoc|Any CPU.ActiveCfg = Release|Any CPU
		{19D47B93-367F-40BF-AEC4-17994967FE15}.Ad-Hoc|Any CPU.Build.0 = Release|Any CPU
		{19D47B93-367F-40BF-AEC4-17994967FE15}.Ad-Hoc|ARM.ActiveCfg = Release|Any CPU
		{19D47B93-367F-40BF-AEC4-17994967FE15}.Ad-Hoc|iPhone.ActiveCfg = Release|Any CPU
		{19D47B93-367F-40BF-AEC4-17994967FE15}.Ad-Hoc|iPhoneSimulator.ActiveCfg = Release|Any CPU
		{19D47B93-367F-40BF-AEC4-17994967FE15}.Ad-Hoc|Mixed Platforms.ActiveCfg = Release|Any CPU
		{19D47B93-367F-40BF-AEC4-17994967FE15}.Ad-Hoc|Mixed Platforms.Build.0 = Release|Any CPU
		{19D47B93-367F-40BF-AEC4-17994967FE15}.Ad-Hoc|x86.ActiveCfg = Release|Any CPU
		{19D47B93-367F-40BF-AEC4-17994967FE15}.AppStore|Any CPU.ActiveCfg = Release|Any CPU
		{19D47B93-367F-40BF-AEC4-17994967FE15}.AppStore|Any CPU.Build.0 = Release|Any CPU
		{19D47B93-367F-40BF-AEC4-17994967FE15}.AppStore|ARM.ActiveCfg = Release|Any CPU
		{19D47B93-367F-40BF-AEC4-17994967FE15}.AppStore|iPhone.ActiveCfg = Release|Any CPU
		{19D47B93-367F-40BF-AEC4-17994967FE15}.AppStore|iPhoneSimulator.ActiveCfg = Release|Any CPU
		{19D47B93-367F-40BF-AEC4-17994967FE15}.AppStore|Mixed Platforms.ActiveCfg = Release|Any CPU
		{19D47B93-367F-40BF-AEC4-17994967FE15}.AppStore|Mixed Platforms.Build.0 = Release|Any CPU
		{19D47B93-367F-40BF-AEC4-17994967FE15}.AppStore|x86.ActiveCfg = Release|Any CPU
		{19D47B93-367F-40BF-AEC4-17994967FE15}.Debug|Any CPU.ActiveCfg = Debug|Any CPU
		{19D47B93-367F-40BF-AEC4-17994967FE15}.Debug|Any CPU.Build.0 = Debug|Any CPU
		{19D47B93-367F-40BF-AEC4-17994967FE15}.Debug|ARM.ActiveCfg = Debug|Any CPU
		{19D47B93-367F-40BF-AEC4-17994967FE15}.Debug|iPhone.ActiveCfg = Debug|Any CPU
		{19D47B93-367F-40BF-AEC4-17994967FE15}.Debug|iPhoneSimulator.ActiveCfg = Debug|Any CPU
		{19D47B93-367F-40BF-AEC4-17994967FE15}.Debug|Mixed Platforms.ActiveCfg = Debug|Any CPU
		{19D47B93-367F-40BF-AEC4-17994967FE15}.Debug|Mixed Platforms.Build.0 = Debug|Any CPU
		{19D47B93-367F-40BF-AEC4-17994967FE15}.Debug|x86.ActiveCfg = Debug|Any CPU
		{19D47B93-367F-40BF-AEC4-17994967FE15}.Release|Any CPU.ActiveCfg = Release|Any CPU
		{19D47B93-367F-40BF-AEC4-17994967FE15}.Release|Any CPU.Build.0 = Release|Any CPU
		{19D47B93-367F-40BF-AEC4-17994967FE15}.Release|ARM.ActiveCfg = Release|Any CPU
		{19D47B93-367F-40BF-AEC4-17994967FE15}.Release|iPhone.ActiveCfg = Release|Any CPU
		{19D47B93-367F-40BF-AEC4-17994967FE15}.Release|iPhoneSimulator.ActiveCfg = Release|Any CPU
		{19D47B93-367F-40BF-AEC4-17994967FE15}.Release|Mixed Platforms.ActiveCfg = Release|Any CPU
		{19D47B93-367F-40BF-AEC4-17994967FE15}.Release|Mixed Platforms.Build.0 = Release|Any CPU
		{19D47B93-367F-40BF-AEC4-17994967FE15}.Release|x86.ActiveCfg = Release|Any CPU
		{9D01C0FD-9C07-4408-95A4-B65B3EAD0181}.Ad-Hoc|Any CPU.ActiveCfg = Ad-Hoc|iPhone
		{9D01C0FD-9C07-4408-95A4-B65B3EAD0181}.Ad-Hoc|ARM.ActiveCfg = Ad-Hoc|iPhone
		{9D01C0FD-9C07-4408-95A4-B65B3EAD0181}.Ad-Hoc|iPhone.ActiveCfg = Ad-Hoc|iPhone
		{9D01C0FD-9C07-4408-95A4-B65B3EAD0181}.Ad-Hoc|iPhone.Build.0 = Ad-Hoc|iPhone
		{9D01C0FD-9C07-4408-95A4-B65B3EAD0181}.Ad-Hoc|iPhoneSimulator.ActiveCfg = Ad-Hoc|iPhoneSimulator
		{9D01C0FD-9C07-4408-95A4-B65B3EAD0181}.Ad-Hoc|iPhoneSimulator.Build.0 = Ad-Hoc|iPhoneSimulator
		{9D01C0FD-9C07-4408-95A4-B65B3EAD0181}.Ad-Hoc|Mixed Platforms.ActiveCfg = Ad-Hoc|iPhone
		{9D01C0FD-9C07-4408-95A4-B65B3EAD0181}.Ad-Hoc|Mixed Platforms.Build.0 = Ad-Hoc|iPhone
		{9D01C0FD-9C07-4408-95A4-B65B3EAD0181}.Ad-Hoc|x86.ActiveCfg = Ad-Hoc|iPhone
		{9D01C0FD-9C07-4408-95A4-B65B3EAD0181}.AppStore|Any CPU.ActiveCfg = AppStore|iPhone
		{9D01C0FD-9C07-4408-95A4-B65B3EAD0181}.AppStore|ARM.ActiveCfg = AppStore|iPhone
		{9D01C0FD-9C07-4408-95A4-B65B3EAD0181}.AppStore|iPhone.ActiveCfg = AppStore|iPhone
		{9D01C0FD-9C07-4408-95A4-B65B3EAD0181}.AppStore|iPhone.Build.0 = AppStore|iPhone
		{9D01C0FD-9C07-4408-95A4-B65B3EAD0181}.AppStore|iPhoneSimulator.ActiveCfg = AppStore|iPhoneSimulator
		{9D01C0FD-9C07-4408-95A4-B65B3EAD0181}.AppStore|iPhoneSimulator.Build.0 = AppStore|iPhoneSimulator
		{9D01C0FD-9C07-4408-95A4-B65B3EAD0181}.AppStore|Mixed Platforms.ActiveCfg = AppStore|iPhone
		{9D01C0FD-9C07-4408-95A4-B65B3EAD0181}.AppStore|Mixed Platforms.Build.0 = AppStore|iPhone
		{9D01C0FD-9C07-4408-95A4-B65B3EAD0181}.AppStore|x86.ActiveCfg = AppStore|iPhone
		{9D01C0FD-9C07-4408-95A4-B65B3EAD0181}.Debug|Any CPU.ActiveCfg = Debug|iPhone
		{9D01C0FD-9C07-4408-95A4-B65B3EAD0181}.Debug|ARM.ActiveCfg = Debug|iPhone
		{9D01C0FD-9C07-4408-95A4-B65B3EAD0181}.Debug|iPhone.ActiveCfg = Debug|iPhone
		{9D01C0FD-9C07-4408-95A4-B65B3EAD0181}.Debug|iPhone.Build.0 = Debug|iPhone
		{9D01C0FD-9C07-4408-95A4-B65B3EAD0181}.Debug|iPhoneSimulator.ActiveCfg = Debug|iPhoneSimulator
		{9D01C0FD-9C07-4408-95A4-B65B3EAD0181}.Debug|iPhoneSimulator.Build.0 = Debug|iPhoneSimulator
		{9D01C0FD-9C07-4408-95A4-B65B3EAD0181}.Debug|Mixed Platforms.ActiveCfg = Debug|iPhone
		{9D01C0FD-9C07-4408-95A4-B65B3EAD0181}.Debug|Mixed Platforms.Build.0 = Debug|iPhone
		{9D01C0FD-9C07-4408-95A4-B65B3EAD0181}.Debug|x86.ActiveCfg = Debug|iPhone
		{9D01C0FD-9C07-4408-95A4-B65B3EAD0181}.Release|Any CPU.ActiveCfg = Release|iPhone
		{9D01C0FD-9C07-4408-95A4-B65B3EAD0181}.Release|ARM.ActiveCfg = Release|iPhone
		{9D01C0FD-9C07-4408-95A4-B65B3EAD0181}.Release|iPhone.ActiveCfg = Release|iPhone
		{9D01C0FD-9C07-4408-95A4-B65B3EAD0181}.Release|iPhone.Build.0 = Release|iPhone
		{9D01C0FD-9C07-4408-95A4-B65B3EAD0181}.Release|iPhoneSimulator.ActiveCfg = Release|iPhoneSimulator
		{9D01C0FD-9C07-4408-95A4-B65B3EAD0181}.Release|iPhoneSimulator.Build.0 = Release|iPhoneSimulator
		{9D01C0FD-9C07-4408-95A4-B65B3EAD0181}.Release|Mixed Platforms.ActiveCfg = Release|iPhone
		{9D01C0FD-9C07-4408-95A4-B65B3EAD0181}.Release|Mixed Platforms.Build.0 = Release|iPhone
		{9D01C0FD-9C07-4408-95A4-B65B3EAD0181}.Release|x86.ActiveCfg = Release|iPhone
		{51E6DA86-E700-4BD4-BE12-3A53F27E8A6F}.Ad-Hoc|Any CPU.ActiveCfg = Release|Any CPU
		{51E6DA86-E700-4BD4-BE12-3A53F27E8A6F}.Ad-Hoc|Any CPU.Build.0 = Release|Any CPU
		{51E6DA86-E700-4BD4-BE12-3A53F27E8A6F}.Ad-Hoc|Any CPU.Deploy.0 = Release|Any CPU
		{51E6DA86-E700-4BD4-BE12-3A53F27E8A6F}.Ad-Hoc|ARM.ActiveCfg = Release|Any CPU
		{51E6DA86-E700-4BD4-BE12-3A53F27E8A6F}.Ad-Hoc|iPhone.ActiveCfg = Release|Any CPU
		{51E6DA86-E700-4BD4-BE12-3A53F27E8A6F}.Ad-Hoc|iPhoneSimulator.ActiveCfg = Release|Any CPU
		{51E6DA86-E700-4BD4-BE12-3A53F27E8A6F}.Ad-Hoc|Mixed Platforms.ActiveCfg = Release|Any CPU
		{51E6DA86-E700-4BD4-BE12-3A53F27E8A6F}.Ad-Hoc|Mixed Platforms.Build.0 = Release|Any CPU
		{51E6DA86-E700-4BD4-BE12-3A53F27E8A6F}.Ad-Hoc|Mixed Platforms.Deploy.0 = Release|Any CPU
		{51E6DA86-E700-4BD4-BE12-3A53F27E8A6F}.Ad-Hoc|x86.ActiveCfg = Release|Any CPU
		{51E6DA86-E700-4BD4-BE12-3A53F27E8A6F}.AppStore|Any CPU.ActiveCfg = Release|Any CPU
		{51E6DA86-E700-4BD4-BE12-3A53F27E8A6F}.AppStore|Any CPU.Build.0 = Release|Any CPU
		{51E6DA86-E700-4BD4-BE12-3A53F27E8A6F}.AppStore|Any CPU.Deploy.0 = Release|Any CPU
		{51E6DA86-E700-4BD4-BE12-3A53F27E8A6F}.AppStore|ARM.ActiveCfg = Release|Any CPU
		{51E6DA86-E700-4BD4-BE12-3A53F27E8A6F}.AppStore|iPhone.ActiveCfg = Release|Any CPU
		{51E6DA86-E700-4BD4-BE12-3A53F27E8A6F}.AppStore|iPhoneSimulator.ActiveCfg = Release|Any CPU
		{51E6DA86-E700-4BD4-BE12-3A53F27E8A6F}.AppStore|Mixed Platforms.ActiveCfg = Release|Any CPU
		{51E6DA86-E700-4BD4-BE12-3A53F27E8A6F}.AppStore|Mixed Platforms.Build.0 = Release|Any CPU
		{51E6DA86-E700-4BD4-BE12-3A53F27E8A6F}.AppStore|Mixed Platforms.Deploy.0 = Release|Any CPU
		{51E6DA86-E700-4BD4-BE12-3A53F27E8A6F}.AppStore|x86.ActiveCfg = Release|Any CPU
		{51E6DA86-E700-4BD4-BE12-3A53F27E8A6F}.Debug|Any CPU.ActiveCfg = Debug|Any CPU
		{51E6DA86-E700-4BD4-BE12-3A53F27E8A6F}.Debug|Any CPU.Build.0 = Debug|Any CPU
		{51E6DA86-E700-4BD4-BE12-3A53F27E8A6F}.Debug|Any CPU.Deploy.0 = Debug|Any CPU
		{51E6DA86-E700-4BD4-BE12-3A53F27E8A6F}.Debug|ARM.ActiveCfg = Debug|Any CPU
		{51E6DA86-E700-4BD4-BE12-3A53F27E8A6F}.Debug|iPhone.ActiveCfg = Debug|Any CPU
		{51E6DA86-E700-4BD4-BE12-3A53F27E8A6F}.Debug|iPhoneSimulator.ActiveCfg = Debug|Any CPU
		{51E6DA86-E700-4BD4-BE12-3A53F27E8A6F}.Debug|Mixed Platforms.ActiveCfg = Debug|Any CPU
		{51E6DA86-E700-4BD4-BE12-3A53F27E8A6F}.Debug|Mixed Platforms.Build.0 = Debug|Any CPU
		{51E6DA86-E700-4BD4-BE12-3A53F27E8A6F}.Debug|Mixed Platforms.Deploy.0 = Debug|Any CPU
		{51E6DA86-E700-4BD4-BE12-3A53F27E8A6F}.Debug|x86.ActiveCfg = Debug|Any CPU
		{51E6DA86-E700-4BD4-BE12-3A53F27E8A6F}.Release|Any CPU.ActiveCfg = Release|Any CPU
		{51E6DA86-E700-4BD4-BE12-3A53F27E8A6F}.Release|Any CPU.Build.0 = Release|Any CPU
		{51E6DA86-E700-4BD4-BE12-3A53F27E8A6F}.Release|Any CPU.Deploy.0 = Release|Any CPU
		{51E6DA86-E700-4BD4-BE12-3A53F27E8A6F}.Release|ARM.ActiveCfg = Release|Any CPU
		{51E6DA86-E700-4BD4-BE12-3A53F27E8A6F}.Release|iPhone.ActiveCfg = Release|Any CPU
		{51E6DA86-E700-4BD4-BE12-3A53F27E8A6F}.Release|iPhoneSimulator.ActiveCfg = Release|Any CPU
		{51E6DA86-E700-4BD4-BE12-3A53F27E8A6F}.Release|Mixed Platforms.ActiveCfg = Release|Any CPU
		{51E6DA86-E700-4BD4-BE12-3A53F27E8A6F}.Release|Mixed Platforms.Build.0 = Release|Any CPU
		{51E6DA86-E700-4BD4-BE12-3A53F27E8A6F}.Release|Mixed Platforms.Deploy.0 = Release|Any CPU
		{51E6DA86-E700-4BD4-BE12-3A53F27E8A6F}.Release|x86.ActiveCfg = Release|Any CPU
		{2C5EB3EE-3474-4F7D-AB70-5F3D978B7C34}.Ad-Hoc|Any CPU.ActiveCfg = Release|Any CPU
		{2C5EB3EE-3474-4F7D-AB70-5F3D978B7C34}.Ad-Hoc|Any CPU.Build.0 = Release|Any CPU
		{2C5EB3EE-3474-4F7D-AB70-5F3D978B7C34}.Ad-Hoc|Any CPU.Deploy.0 = Release|Any CPU
		{2C5EB3EE-3474-4F7D-AB70-5F3D978B7C34}.Ad-Hoc|ARM.ActiveCfg = Release|ARM
		{2C5EB3EE-3474-4F7D-AB70-5F3D978B7C34}.Ad-Hoc|ARM.Build.0 = Release|ARM
		{2C5EB3EE-3474-4F7D-AB70-5F3D978B7C34}.Ad-Hoc|ARM.Deploy.0 = Release|ARM
		{2C5EB3EE-3474-4F7D-AB70-5F3D978B7C34}.Ad-Hoc|iPhone.ActiveCfg = Release|Any CPU
		{2C5EB3EE-3474-4F7D-AB70-5F3D978B7C34}.Ad-Hoc|iPhoneSimulator.ActiveCfg = Release|Any CPU
		{2C5EB3EE-3474-4F7D-AB70-5F3D978B7C34}.Ad-Hoc|Mixed Platforms.ActiveCfg = Release|x86
		{2C5EB3EE-3474-4F7D-AB70-5F3D978B7C34}.Ad-Hoc|Mixed Platforms.Build.0 = Release|x86
		{2C5EB3EE-3474-4F7D-AB70-5F3D978B7C34}.Ad-Hoc|Mixed Platforms.Deploy.0 = Release|x86
		{2C5EB3EE-3474-4F7D-AB70-5F3D978B7C34}.Ad-Hoc|x86.ActiveCfg = Release|x86
		{2C5EB3EE-3474-4F7D-AB70-5F3D978B7C34}.Ad-Hoc|x86.Build.0 = Release|x86
		{2C5EB3EE-3474-4F7D-AB70-5F3D978B7C34}.Ad-Hoc|x86.Deploy.0 = Release|x86
		{2C5EB3EE-3474-4F7D-AB70-5F3D978B7C34}.AppStore|Any CPU.ActiveCfg = Release|Any CPU
		{2C5EB3EE-3474-4F7D-AB70-5F3D978B7C34}.AppStore|Any CPU.Build.0 = Release|Any CPU
		{2C5EB3EE-3474-4F7D-AB70-5F3D978B7C34}.AppStore|Any CPU.Deploy.0 = Release|Any CPU
		{2C5EB3EE-3474-4F7D-AB70-5F3D978B7C34}.AppStore|ARM.ActiveCfg = Release|ARM
		{2C5EB3EE-3474-4F7D-AB70-5F3D978B7C34}.AppStore|ARM.Build.0 = Release|ARM
		{2C5EB3EE-3474-4F7D-AB70-5F3D978B7C34}.AppStore|ARM.Deploy.0 = Release|ARM
		{2C5EB3EE-3474-4F7D-AB70-5F3D978B7C34}.AppStore|iPhone.ActiveCfg = Release|Any CPU
		{2C5EB3EE-3474-4F7D-AB70-5F3D978B7C34}.AppStore|iPhoneSimulator.ActiveCfg = Release|Any CPU
		{2C5EB3EE-3474-4F7D-AB70-5F3D978B7C34}.AppStore|Mixed Platforms.ActiveCfg = Release|x86
		{2C5EB3EE-3474-4F7D-AB70-5F3D978B7C34}.AppStore|Mixed Platforms.Build.0 = Release|x86
		{2C5EB3EE-3474-4F7D-AB70-5F3D978B7C34}.AppStore|Mixed Platforms.Deploy.0 = Release|x86
		{2C5EB3EE-3474-4F7D-AB70-5F3D978B7C34}.AppStore|x86.ActiveCfg = Release|x86
		{2C5EB3EE-3474-4F7D-AB70-5F3D978B7C34}.AppStore|x86.Build.0 = Release|x86
		{2C5EB3EE-3474-4F7D-AB70-5F3D978B7C34}.AppStore|x86.Deploy.0 = Release|x86
		{2C5EB3EE-3474-4F7D-AB70-5F3D978B7C34}.Debug|Any CPU.ActiveCfg = Debug|Any CPU
		{2C5EB3EE-3474-4F7D-AB70-5F3D978B7C34}.Debug|Any CPU.Build.0 = Debug|Any CPU
		{2C5EB3EE-3474-4F7D-AB70-5F3D978B7C34}.Debug|Any CPU.Deploy.0 = Debug|Any CPU
		{2C5EB3EE-3474-4F7D-AB70-5F3D978B7C34}.Debug|ARM.ActiveCfg = Debug|ARM
		{2C5EB3EE-3474-4F7D-AB70-5F3D978B7C34}.Debug|ARM.Build.0 = Debug|ARM
		{2C5EB3EE-3474-4F7D-AB70-5F3D978B7C34}.Debug|ARM.Deploy.0 = Debug|ARM
		{2C5EB3EE-3474-4F7D-AB70-5F3D978B7C34}.Debug|iPhone.ActiveCfg = Debug|Any CPU
		{2C5EB3EE-3474-4F7D-AB70-5F3D978B7C34}.Debug|iPhoneSimulator.ActiveCfg = Debug|Any CPU
		{2C5EB3EE-3474-4F7D-AB70-5F3D978B7C34}.Debug|Mixed Platforms.ActiveCfg = Debug|x86
		{2C5EB3EE-3474-4F7D-AB70-5F3D978B7C34}.Debug|Mixed Platforms.Build.0 = Debug|x86
		{2C5EB3EE-3474-4F7D-AB70-5F3D978B7C34}.Debug|Mixed Platforms.Deploy.0 = Debug|x86
		{2C5EB3EE-3474-4F7D-AB70-5F3D978B7C34}.Debug|x86.ActiveCfg = Debug|x86
		{2C5EB3EE-3474-4F7D-AB70-5F3D978B7C34}.Debug|x86.Build.0 = Debug|x86
		{2C5EB3EE-3474-4F7D-AB70-5F3D978B7C34}.Debug|x86.Deploy.0 = Debug|x86
		{2C5EB3EE-3474-4F7D-AB70-5F3D978B7C34}.Release|Any CPU.ActiveCfg = Release|Any CPU
		{2C5EB3EE-3474-4F7D-AB70-5F3D978B7C34}.Release|Any CPU.Build.0 = Release|Any CPU
		{2C5EB3EE-3474-4F7D-AB70-5F3D978B7C34}.Release|Any CPU.Deploy.0 = Release|Any CPU
		{2C5EB3EE-3474-4F7D-AB70-5F3D978B7C34}.Release|ARM.ActiveCfg = Release|ARM
		{2C5EB3EE-3474-4F7D-AB70-5F3D978B7C34}.Release|ARM.Build.0 = Release|ARM
		{2C5EB3EE-3474-4F7D-AB70-5F3D978B7C34}.Release|ARM.Deploy.0 = Release|ARM
		{2C5EB3EE-3474-4F7D-AB70-5F3D978B7C34}.Release|iPhone.ActiveCfg = Release|Any CPU
		{2C5EB3EE-3474-4F7D-AB70-5F3D978B7C34}.Release|iPhoneSimulator.ActiveCfg = Release|Any CPU
		{2C5EB3EE-3474-4F7D-AB70-5F3D978B7C34}.Release|Mixed Platforms.ActiveCfg = Release|x86
		{2C5EB3EE-3474-4F7D-AB70-5F3D978B7C34}.Release|Mixed Platforms.Build.0 = Release|x86
		{2C5EB3EE-3474-4F7D-AB70-5F3D978B7C34}.Release|Mixed Platforms.Deploy.0 = Release|x86
		{2C5EB3EE-3474-4F7D-AB70-5F3D978B7C34}.Release|x86.ActiveCfg = Release|x86
		{2C5EB3EE-3474-4F7D-AB70-5F3D978B7C34}.Release|x86.Build.0 = Release|x86
		{2C5EB3EE-3474-4F7D-AB70-5F3D978B7C34}.Release|x86.Deploy.0 = Release|x86
	EndGlobalSection
	GlobalSection(SolutionProperties) = preSolution
		HideSolutionNode = FALSE
	EndGlobalSection
EndGlobal
